
Microsoft Visual Studio Solution File, Format Version 12.00
# Visual Studio Version 17
VisualStudioVersion = 17.5.33530.505
MinimumVisualStudioVersion = 10.0.40219.1
Project("{9A19103F-16F7-4668-BE54-9A1E7A4F7556}") = "VkTestTask.Api", "VkTestTask.Api\VkTestTask.Api.csproj", "{4B228DFB-EE78-47EC-B65A-50BA51397EF7}"
EndProject
Project("{9A19103F-16F7-4668-BE54-9A1E7A4F7556}") = "VkTestTask.Domain", "VkTestTask.Domain\VkTestTask.Domain.csproj", "{3E54CDDF-D57A-496C-B71A-40DE9B73DE07}"
EndProject
Project("{9A19103F-16F7-4668-BE54-9A1E7A4F7556}") = "VkTestTask.Application", "VkTestTask.Application\VkTestTask.Application.csproj", "{59218C2A-6146-4A24-A6C6-55CB403768C4}"
EndProject
Project("{9A19103F-16F7-4668-BE54-9A1E7A4F7556}") = "VkTestTask.Infrastructure", "VkTestTask.Infrastructure\VkTestTask.Infrastructure.csproj", "{C85D8016-1162-461A-9B6A-83FC614DB9FF}"
EndProject
Global
	GlobalSection(SolutionConfigurationPlatforms) = preSolution
		Debug|Any CPU = Debug|Any CPU
		Release|Any CPU = Release|Any CPU
	EndGlobalSection
	GlobalSection(ProjectConfigurationPlatforms) = postSolution
		{4B228DFB-EE78-47EC-B65A-50BA51397EF7}.Debug|Any CPU.ActiveCfg = Debug|Any CPU
		{4B228DFB-EE78-47EC-B65A-50BA51397EF7}.Debug|Any CPU.Build.0 = Debug|Any CPU
		{4B228DFB-EE78-47EC-B65A-50BA51397EF7}.Release|Any CPU.ActiveCfg = Release|Any CPU
		{4B228DFB-EE78-47EC-B65A-50BA51397EF7}.Release|Any CPU.Build.0 = Release|Any CPU
		{3E54CDDF-D57A-496C-B71A-40DE9B73DE07}.Debug|Any CPU.ActiveCfg = Debug|Any CPU
		{3E54CDDF-D57A-496C-B71A-40DE9B73DE07}.Debug|Any CPU.Build.0 = Debug|Any CPU
		{3E54CDDF-D57A-496C-B71A-40DE9B73DE07}.Release|Any CPU.ActiveCfg = Release|Any CPU
		{3E54CDDF-D57A-496C-B71A-40DE9B73DE07}.Release|Any CPU.Build.0 = Release|Any CPU
		{59218C2A-6146-4A24-A6C6-55CB403768C4}.Debug|Any CPU.ActiveCfg = Debug|Any CPU
		{59218C2A-6146-4A24-A6C6-55CB403768C4}.Debug|Any CPU.Build.0 = Debug|Any CPU
		{59218C2A-6146-4A24-A6C6-55CB403768C4}.Release|Any CPU.ActiveCfg = Release|Any CPU
		{59218C2A-6146-4A24-A6C6-55CB403768C4}.Release|Any CPU.Build.0 = Release|Any CPU
		{C85D8016-1162-461A-9B6A-83FC614DB9FF}.Debug|Any CPU.ActiveCfg = Debug|Any CPU
		{C85D8016-1162-461A-9B6A-83FC614DB9FF}.Debug|Any CPU.Build.0 = Debug|Any CPU
		{C85D8016-1162-461A-9B6A-83FC614DB9FF}.Release|Any CPU.ActiveCfg = Release|Any CPU
		{C85D8016-1162-461A-9B6A-83FC614DB9FF}.Release|Any CPU.Build.0 = Release|Any CPU
	EndGlobalSection
	GlobalSection(SolutionProperties) = preSolution
		HideSolutionNode = FALSE
	EndGlobalSection
	GlobalSection(ExtensibilityGlobals) = postSolution
		SolutionGuid = {12A50F20-D71E-4185-9862-9F2277A0D440}
	EndGlobalSection
EndGlobal
